
Microsoft Visual Studio Solution File, Format Version 12.00
# Visual Studio Version 17
VisualStudioVersion = 17.14.36811.4 d17.14
MinimumVisualStudioVersion = 10.0.40219.1
Project("{FAE04EC0-301F-11D3-BF4B-00C04F79EFBC}") = "ChatBot", "ChatBot\ChatBot.csproj", "{2F530911-4874-4577-B4F5-73CD95EEC119}"
EndProject
Global
	GlobalSection(SolutionConfigurationPlatforms) = preSolution
		Debug|Any CPU = Debug|Any CPU
		Release|Any CPU = Release|Any CPU
	EndGlobalSection
	GlobalSection(ProjectConfigurationPlatforms) = postSolution
		{2F530911-4874-4577-B4F5-73CD95EEC119}.Debug|Any CPU.ActiveCfg = Debug|Any CPU
		{2F530911-4874-4577-B4F5-73CD95EEC119}.Debug|Any CPU.Build.0 = Debug|Any CPU
		{2F530911-4874-4577-B4F5-73CD95EEC119}.Release|Any CPU.ActiveCfg = Release|Any CPU
		{2F530911-4874-4577-B4F5-73CD95EEC119}.Release|Any CPU.Build.0 = Release|Any CPU
	EndGlobalSection
	GlobalSection(SolutionProperties) = preSolution
		HideSolutionNode = FALSE
	EndGlobalSection
	GlobalSection(ExtensibilityGlobals) = postSolution
		SolutionGuid = {8911BD7B-562A-40F0-8086-52B83F966E8E}
	EndGlobalSection
EndGlobal
